
Microsoft Visual Studio Solution File, Format Version 12.00
# Visual Studio 15
VisualStudioVersion = 15.0.28307.1000
MinimumVisualStudioVersion = 10.0.40219.1
Project("{9A19103F-16F7-4668-BE54-9A1E7A4F7556}") = "BelezaWeb.API", "BelezaWeb.API\BelezaWeb.API.csproj", "{461C4F97-1955-4652-B78F-322F1928328C}"
EndProject
Project("{9A19103F-16F7-4668-BE54-9A1E7A4F7556}") = "BelezaWeb.Tests", "BelezaWeb.Tests\BelezaWeb.Tests.csproj", "{93A964CD-F24B-450A-844A-667B90A952FD}"
EndProject
Project("{FAE04EC0-301F-11D3-BF4B-00C04F79EFBC}") = "BelezaWeb.Core", "BelezaWeb.Core\BelezaWeb.Core.csproj", "{9632ADD0-7C1D-4821-9442-8DD9800ABE07}"
EndProject
Global
	GlobalSection(SolutionConfigurationPlatforms) = preSolution
		Debug|Any CPU = Debug|Any CPU
		Release|Any CPU = Release|Any CPU
	EndGlobalSection
	GlobalSection(ProjectConfigurationPlatforms) = postSolution
		{461C4F97-1955-4652-B78F-322F1928328C}.Debug|Any CPU.ActiveCfg = Debug|Any CPU
		{461C4F97-1955-4652-B78F-322F1928328C}.Debug|Any CPU.Build.0 = Debug|Any CPU
		{461C4F97-1955-4652-B78F-322F1928328C}.Release|Any CPU.ActiveCfg = Release|Any CPU
		{461C4F97-1955-4652-B78F-322F1928328C}.Release|Any CPU.Build.0 = Release|Any CPU
		{93A964CD-F24B-450A-844A-667B90A952FD}.Debug|Any CPU.ActiveCfg = Debug|Any CPU
		{93A964CD-F24B-450A-844A-667B90A952FD}.Debug|Any CPU.Build.0 = Debug|Any CPU
		{93A964CD-F24B-450A-844A-667B90A952FD}.Release|Any CPU.ActiveCfg = Release|Any CPU
		{93A964CD-F24B-450A-844A-667B90A952FD}.Release|Any CPU.Build.0 = Release|Any CPU
		{9632ADD0-7C1D-4821-9442-8DD9800ABE07}.Debug|Any CPU.ActiveCfg = Debug|Any CPU
		{9632ADD0-7C1D-4821-9442-8DD9800ABE07}.Debug|Any CPU.Build.0 = Debug|Any CPU
		{9632ADD0-7C1D-4821-9442-8DD9800ABE07}.Release|Any CPU.ActiveCfg = Release|Any CPU
		{9632ADD0-7C1D-4821-9442-8DD9800ABE07}.Release|Any CPU.Build.0 = Release|Any CPU
	EndGlobalSection
	GlobalSection(SolutionProperties) = preSolution
		HideSolutionNode = FALSE
	EndGlobalSection
	GlobalSection(ExtensibilityGlobals) = postSolution
		SolutionGuid = {3287B043-4CD8-41B3-B025-6F0DBBEA2226}
	EndGlobalSection
EndGlobal
